
Microsoft Visual Studio Solution File, Format Version 12.00
Project("{FAE04EC0-301F-11D3-BF4B-00C04F79EFBC}") = "Task1CinemaHall", "Task1CinemaHall\Task1CinemaHall.csproj", "{C4998632-2347-49A5-9BDF-B300F98E2BC7}"
EndProject
Project("{FAE04EC0-301F-11D3-BF4B-00C04F79EFBC}") = "Task2FishingTrip", "Task2FishingTrip\Task2FishingTrip.csproj", "{6906C75B-AE5C-4635-9BB1-8402E6DC6ADE}"
EndProject
Project("{FAE04EC0-301F-11D3-BF4B-00C04F79EFBC}") = "Task3SalaryDeduction", "Task3SalaryDeduction\Task3SalaryDeduction.csproj", "{9C4FC2CD-A8DA-49B3-8CD2-3C24C8D6C602}"
EndProject
Project("{FAE04EC0-301F-11D3-BF4B-00C04F79EFBC}") = "Task4StepsToReachAGol", "Task4StepsToReachAGol\Task4StepsToReachAGol.csproj", "{FE2FFCF4-0E1B-4719-9DF2-59A50FD88D92}"
EndProject
Project("{FAE04EC0-301F-11D3-BF4B-00C04F79EFBC}") = "Task5BirthdayCake", "Task5BirthdayCake\Task5BirthdayCake.csproj", "{8774F288-B2F9-41C8-92D5-9DD2BB6009B5}"
EndProject
Project("{FAE04EC0-301F-11D3-BF4B-00C04F79EFBC}") = "Task6PasswordGenerator", "Task6PasswordGenerator\Task6PasswordGenerator.csproj", "{C562CA1A-1AD0-4D36-9158-C656565ABD0B}"
EndProject
Global
	GlobalSection(SolutionConfigurationPlatforms) = preSolution
		Debug|Any CPU = Debug|Any CPU
		Release|Any CPU = Release|Any CPU
	EndGlobalSection
	GlobalSection(ProjectConfigurationPlatforms) = postSolution
		{C4998632-2347-49A5-9BDF-B300F98E2BC7}.Debug|Any CPU.ActiveCfg = Debug|Any CPU
		{C4998632-2347-49A5-9BDF-B300F98E2BC7}.Debug|Any CPU.Build.0 = Debug|Any CPU
		{C4998632-2347-49A5-9BDF-B300F98E2BC7}.Release|Any CPU.ActiveCfg = Release|Any CPU
		{C4998632-2347-49A5-9BDF-B300F98E2BC7}.Release|Any CPU.Build.0 = Release|Any CPU
		{6906C75B-AE5C-4635-9BB1-8402E6DC6ADE}.Debug|Any CPU.ActiveCfg = Debug|Any CPU
		{6906C75B-AE5C-4635-9BB1-8402E6DC6ADE}.Debug|Any CPU.Build.0 = Debug|Any CPU
		{6906C75B-AE5C-4635-9BB1-8402E6DC6ADE}.Release|Any CPU.ActiveCfg = Release|Any CPU
		{6906C75B-AE5C-4635-9BB1-8402E6DC6ADE}.Release|Any CPU.Build.0 = Release|Any CPU
		{9C4FC2CD-A8DA-49B3-8CD2-3C24C8D6C602}.Debug|Any CPU.ActiveCfg = Debug|Any CPU
		{9C4FC2CD-A8DA-49B3-8CD2-3C24C8D6C602}.Debug|Any CPU.Build.0 = Debug|Any CPU
		{9C4FC2CD-A8DA-49B3-8CD2-3C24C8D6C602}.Release|Any CPU.ActiveCfg = Release|Any CPU
		{9C4FC2CD-A8DA-49B3-8CD2-3C24C8D6C602}.Release|Any CPU.Build.0 = Release|Any CPU
		{FE2FFCF4-0E1B-4719-9DF2-59A50FD88D92}.Debug|Any CPU.ActiveCfg = Debug|Any CPU
		{FE2FFCF4-0E1B-4719-9DF2-59A50FD88D92}.Debug|Any CPU.Build.0 = Debug|Any CPU
		{FE2FFCF4-0E1B-4719-9DF2-59A50FD88D92}.Release|Any CPU.ActiveCfg = Release|Any CPU
		{FE2FFCF4-0E1B-4719-9DF2-59A50FD88D92}.Release|Any CPU.Build.0 = Release|Any CPU
		{8774F288-B2F9-41C8-92D5-9DD2BB6009B5}.Debug|Any CPU.ActiveCfg = Debug|Any CPU
		{8774F288-B2F9-41C8-92D5-9DD2BB6009B5}.Debug|Any CPU.Build.0 = Debug|Any CPU
		{8774F288-B2F9-41C8-92D5-9DD2BB6009B5}.Release|Any CPU.ActiveCfg = Release|Any CPU
		{8774F288-B2F9-41C8-92D5-9DD2BB6009B5}.Release|Any CPU.Build.0 = Release|Any CPU
		{C562CA1A-1AD0-4D36-9158-C656565ABD0B}.Debug|Any CPU.ActiveCfg = Debug|Any CPU
		{C562CA1A-1AD0-4D36-9158-C656565ABD0B}.Debug|Any CPU.Build.0 = Debug|Any CPU
		{C562CA1A-1AD0-4D36-9158-C656565ABD0B}.Release|Any CPU.ActiveCfg = Release|Any CPU
		{C562CA1A-1AD0-4D36-9158-C656565ABD0B}.Release|Any CPU.Build.0 = Release|Any CPU
	EndGlobalSection
EndGlobal
